<?xml version="1.0" encoding="utf-8"?>
<Project ToolsVersion="4.0" xmlns="http://schemas.microsoft.com/developer/msbuild/2003">
  <ItemGroup>
    <Filter Include="win32">
      <UniqueIdentifier>{84a8ebd7-7cf0-47f6-b75e-d441df67da40}</UniqueIdentifier>
    </Filter>
    <Filter Include="resource">
      <UniqueIdentifier>{715254bc-d70b-4ec5-bf29-467dd3ace079}</UniqueIdentifier>
    </Filter>
    <Filter Include="src">
      <UniqueIdentifier>{bb6c862e-70e9-49d9-81b7-3829a6f50471}</UniqueIdentifier>
    </Filter>
    <Filter Include="src\Physics">
      <UniqueIdentifier>{ea578786-4bbb-4f96-bcc6-e4944ba13d29}</UniqueIdentifier>
    </Filter>
    <Filter Include="src\Nodes">
      <UniqueIdentifier>{b3b32ccc-7c9e-40b7-941e-83c08d271249}</UniqueIdentifier>
    </Filter>
    <Filter Include="src\Nodes\Crane">
      <UniqueIdentifier>{805a2ab4-e993-480f-af11-1646307eb81b}</UniqueIdentifier>
    </Filter>
    <Filter Include="src\Nodes\StaticBackground">
      <UniqueIdentifier>{65a57e28-1fd8-4ec9-91f4-7bc9d2f46e8a}</UniqueIdentifier>
    </Filter>
    <Filter Include="src\Layers">
      <UniqueIdentifier>{d926880a-78bf-4d80-a235-a76da6d6edfa}</UniqueIdentifier>
    </Filter>
    <Filter Include="src\Utils">
      <UniqueIdentifier>{41b99ca0-a9a8-4f30-95b4-3b74d6936d43}</UniqueIdentifier>
    </Filter>
    <Filter Include="src\3rdParty">
      <UniqueIdentifier>{ad3b2143-b4a7-4007-8a3c-538425ff3933}</UniqueIdentifier>
    </Filter>
    <Filter Include="src\3rdParty\Box2dDebugDraw">
      <UniqueIdentifier>{8d0b966b-3a36-4e87-8511-d719f1c6a921}</UniqueIdentifier>
    </Filter>
    <Filter Include="src\Nodes\Panel">
      <UniqueIdentifier>{f552019b-134d-42b3-8235-7c25983077e2}</UniqueIdentifier>
    </Filter>
  </ItemGroup>
  <ItemGroup>
    <ClCompile Include="main.cpp">
      <Filter>win32</Filter>
    </ClCompile>
    <ClCompile Include="..\Classes\AppDelegate.cpp">
      <Filter>src</Filter>
    </ClCompile>
    <ClCompile Include="..\Classes\HelloWorldScene.cpp">
      <Filter>src</Filter>
    </ClCompile>
    <ClCompile Include="..\Classes\Physics\PhysicsManager.cpp">
      <Filter>src\Physics</Filter>
    </ClCompile>
    <ClCompile Include="..\Classes\Nodes\Crane\Crane.cpp">
      <Filter>src\Nodes\Crane</Filter>
    </ClCompile>
    <ClCompile Include="..\Classes\Nodes\StaticBackground\StaticBackground.cpp">
      <Filter>src\Nodes\StaticBackground</Filter>
    </ClCompile>
    <ClCompile Include="..\Classes\Layers\ControlsLayer.cpp">
      <Filter>src\Layers</Filter>
    </ClCompile>
    <ClCompile Include="..\Classes\3rdParty\Box2dDebugDraw\B2DebugDrawLayer.cpp">
      <Filter>src\3rdParty\Box2dDebugDraw</Filter>
    </ClCompile>
    <ClCompile Include="..\Classes\3rdParty\Box2dDebugDraw\GLES-Render.cpp">
      <Filter>src\3rdParty\Box2dDebugDraw</Filter>
    </ClCompile>
    <ClCompile Include="..\Classes\Nodes\Panel\Panel.cpp">
      <Filter>src\Nodes\Panel</Filter>
    </ClCompile>
  </ItemGroup>
  <ItemGroup>
    <ClInclude Include="main.h">
      <Filter>win32</Filter>
    </ClInclude>
    <ClInclude Include="..\Classes\AppDelegate.h">
      <Filter>src</Filter>
    </ClInclude>
    <ClInclude Include="..\Classes\HelloWorldScene.h">
      <Filter>src</Filter>
    </ClInclude>
    <ClInclude Include="..\Classes\GameConsts.h">
      <Filter>src</Filter>
    </ClInclude>
    <ClInclude Include="..\Classes\Physics\PhysicsManager.h">
      <Filter>src\Physics</Filter>
    </ClInclude>
    <ClInclude Include="..\Classes\Nodes\Crane\Crane.h">
      <Filter>src\Nodes\Crane</Filter>
    </ClInclude>
    <ClInclude Include="..\Classes\Nodes\StaticBackground\StaticBackground.h">
      <Filter>src\Nodes\StaticBackground</Filter>
    </ClInclude>
    <ClInclude Include="..\Classes\Layers\ControlsLayer.h">
      <Filter>src\Layers</Filter>
    </ClInclude>
    <ClInclude Include="..\Classes\Utils\Utils.h">
      <Filter>src\Utils</Filter>
    </ClInclude>
    <ClInclude Include="..\Classes\3rdParty\Box2dDebugDraw\B2DebugDrawLayer.h">
      <Filter>src\3rdParty\Box2dDebugDraw</Filter>
    </ClInclude>
    <ClInclude Include="..\Classes\3rdParty\Box2dDebugDraw\GLES-Render.h">
      <Filter>src\3rdParty\Box2dDebugDraw</Filter>
    </ClInclude>
    <ClInclude Include="..\Classes\Nodes\Panel\Panel.h">
      <Filter>src\Nodes\Panel</Filter>
    </ClInclude>
  </ItemGroup>
  <ItemGroup>
    <ResourceCompile Include="game.rc">
      <Filter>resource</Filter>
    </ResourceCompile>
  </ItemGroup>
</Project>